
Microsoft Visual Studio Solution File, Format Version 12.00
# Visual Studio 15
VisualStudioVersion = 15.0.26124.0
MinimumVisualStudioVersion = 15.0.26124.0
Project("{2150E333-8FDC-42A3-9474-1A3956D46DE8}") = "Client", "Client", "{2CB42F12-E813-91B3-7D11-3220E40BEF4A}"
EndProject
Project("{FAE04EC0-301F-11D3-BF4B-00C04F79EFBC}") = "Autopilot_NPC.Client", "Client\Autopilot_NPC.Client.csproj", "{89CA8A4B-3089-4050-B479-E77B83AB1E45}"
EndProject
Project("{FAE04EC0-301F-11D3-BF4B-00C04F79EFBC}") = "Autopilot_NPC.Server", "Server\Autopilot_NPC.Server.csproj", "{CD65E001-A90B-4698-A5E4-5A9815806A80}"
EndProject
Global
	GlobalSection(SolutionConfigurationPlatforms) = preSolution
		Debug|Any CPU = Debug|Any CPU
		Debug|x64 = Debug|x64
		Debug|x86 = Debug|x86
		Release|Any CPU = Release|Any CPU
		Release|x64 = Release|x64
		Release|x86 = Release|x86
	EndGlobalSection
	GlobalSection(ProjectConfigurationPlatforms) = postSolution
		{89CA8A4B-3089-4050-B479-E77B83AB1E45}.Debug|Any CPU.ActiveCfg = Debug|Any CPU
		{89CA8A4B-3089-4050-B479-E77B83AB1E45}.Debug|Any CPU.Build.0 = Debug|Any CPU
		{89CA8A4B-3089-4050-B479-E77B83AB1E45}.Debug|x64.ActiveCfg = Debug|Any CPU
		{89CA8A4B-3089-4050-B479-E77B83AB1E45}.Debug|x64.Build.0 = Debug|Any CPU
		{89CA8A4B-3089-4050-B479-E77B83AB1E45}.Debug|x86.ActiveCfg = Debug|Any CPU
		{89CA8A4B-3089-4050-B479-E77B83AB1E45}.Debug|x86.Build.0 = Debug|Any CPU
		{89CA8A4B-3089-4050-B479-E77B83AB1E45}.Release|Any CPU.ActiveCfg = Release|Any CPU
		{89CA8A4B-3089-4050-B479-E77B83AB1E45}.Release|Any CPU.Build.0 = Release|Any CPU
		{89CA8A4B-3089-4050-B479-E77B83AB1E45}.Release|x64.ActiveCfg = Release|Any CPU
		{89CA8A4B-3089-4050-B479-E77B83AB1E45}.Release|x64.Build.0 = Release|Any CPU
		{89CA8A4B-3089-4050-B479-E77B83AB1E45}.Release|x86.ActiveCfg = Release|Any CPU
		{89CA8A4B-3089-4050-B479-E77B83AB1E45}.Release|x86.Build.0 = Release|Any CPU
		{CD65E001-A90B-4698-A5E4-5A9815806A80}.Debug|Any CPU.ActiveCfg = Debug|Any CPU
		{CD65E001-A90B-4698-A5E4-5A9815806A80}.Debug|Any CPU.Build.0 = Debug|Any CPU
		{CD65E001-A90B-4698-A5E4-5A9815806A80}.Debug|x64.ActiveCfg = Debug|Any CPU
		{CD65E001-A90B-4698-A5E4-5A9815806A80}.Debug|x64.Build.0 = Debug|Any CPU
		{CD65E001-A90B-4698-A5E4-5A9815806A80}.Debug|x86.ActiveCfg = Debug|Any CPU
		{CD65E001-A90B-4698-A5E4-5A9815806A80}.Debug|x86.Build.0 = Debug|Any CPU
		{CD65E001-A90B-4698-A5E4-5A9815806A80}.Release|Any CPU.ActiveCfg = Release|Any CPU
		{CD65E001-A90B-4698-A5E4-5A9815806A80}.Release|Any CPU.Build.0 = Release|Any CPU
		{CD65E001-A90B-4698-A5E4-5A9815806A80}.Release|x64.ActiveCfg = Release|Any CPU
		{CD65E001-A90B-4698-A5E4-5A9815806A80}.Release|x64.Build.0 = Release|Any CPU
		{CD65E001-A90B-4698-A5E4-5A9815806A80}.Release|x86.ActiveCfg = Release|Any CPU
		{CD65E001-A90B-4698-A5E4-5A9815806A80}.Release|x86.Build.0 = Release|Any CPU
	EndGlobalSection
	GlobalSection(SolutionProperties) = preSolution
		HideSolutionNode = FALSE
	EndGlobalSection
	GlobalSection(NestedProjects) = preSolution
		{89CA8A4B-3089-4050-B479-E77B83AB1E45} = {2CB42F12-E813-91B3-7D11-3220E40BEF4A}
		{CD65E001-A90B-4698-A5E4-5A9815806A80} = {2CB42F12-E813-91B3-7D11-3220E40BEF4A}
	EndGlobalSection
EndGlobal
